
Microsoft Visual Studio Solution File, Format Version 12.00
Project("{FAE04EC0-301F-11D3-BF4B-00C04F79EFBC}") = "Redis", "src\Redis\Redis.csproj", "{D3F74E01-A12A-4BDE-8B6E-C9E909237DA8}"
EndProject
Project("{2150E333-8FDC-42A3-9474-1A3956D46DE8}") = "SolutionItems", "SolutionItems", "{37F6A7C8-16D3-4048-89C8-1FA5CC173C93}"
	ProjectSection(SolutionItems) = preProject
		.gitignore = .gitignore
		docker-compose.override.yml = docker-compose.override.yml
		Makefile = Makefile
		.env.example = .env.example
	EndProjectSection
EndProject
Global
	GlobalSection(SolutionConfigurationPlatforms) = preSolution
		Debug|Any CPU = Debug|Any CPU
		Release|Any CPU = Release|Any CPU
	EndGlobalSection
	GlobalSection(ProjectConfigurationPlatforms) = postSolution
		{D3F74E01-A12A-4BDE-8B6E-C9E909237DA8}.Debug|Any CPU.ActiveCfg = Debug|Any CPU
		{D3F74E01-A12A-4BDE-8B6E-C9E909237DA8}.Debug|Any CPU.Build.0 = Debug|Any CPU
		{D3F74E01-A12A-4BDE-8B6E-C9E909237DA8}.Release|Any CPU.ActiveCfg = Release|Any CPU
		{D3F74E01-A12A-4BDE-8B6E-C9E909237DA8}.Release|Any CPU.Build.0 = Release|Any CPU
	EndGlobalSection
EndGlobal
